// !$*UTF8*$!
{
	archiveVersion = 1;
	classes = {
	};
	objectVersion = 56;
	objects = {

/* Begin PBXBuildFile section */
		032FD4F4296F7EF2008C0AC3 /* GrocertiesToBuyTableViewCell.swift in Sources */ = {isa = PBXBuildFile; fileRef = 032FD4F3296F7EF2008C0AC3 /* GrocertiesToBuyTableViewCell.swift */; };
		0362ABC6296C029C00A4D1F0 /* LogInViewController.swift in Sources */ = {isa = PBXBuildFile; fileRef = 0362ABC5296C029C00A4D1F0 /* LogInViewController.swift */; };
		0362ABC8296C045D00A4D1F0 /* RegularExpression.swift in Sources */ = {isa = PBXBuildFile; fileRef = 0362ABC7296C045D00A4D1F0 /* RegularExpression.swift */; };
		0362ABCA296C065B00A4D1F0 /* RegisterViewController.swift in Sources */ = {isa = PBXBuildFile; fileRef = 0362ABC9296C065B00A4D1F0 /* RegisterViewController.swift */; };
		03BD7243296A9BBC00431AD2 /* AppDelegate.swift in Sources */ = {isa = PBXBuildFile; fileRef = 03BD7242296A9BBC00431AD2 /* AppDelegate.swift */; };
		03BD7245296A9BBC00431AD2 /* SceneDelegate.swift in Sources */ = {isa = PBXBuildFile; fileRef = 03BD7244296A9BBC00431AD2 /* SceneDelegate.swift */; };
		03BD724A296A9BBC00431AD2 /* Main.storyboard in Resources */ = {isa = PBXBuildFile; fileRef = 03BD7248296A9BBC00431AD2 /* Main.storyboard */; };
		03BD724C296A9BBF00431AD2 /* Assets.xcassets in Resources */ = {isa = PBXBuildFile; fileRef = 03BD724B296A9BBF00431AD2 /* Assets.xcassets */; };
		03BD724F296A9BBF00431AD2 /* LaunchScreen.storyboard in Resources */ = {isa = PBXBuildFile; fileRef = 03BD724D296A9BBF00431AD2 /* LaunchScreen.storyboard */; };
		03BD725A296A9BC000431AD2 /* GroceryListApplicationTests.swift in Sources */ = {isa = PBXBuildFile; fileRef = 03BD7259296A9BC000431AD2 /* GroceryListApplicationTests.swift */; };
		03BD7264296A9BC000431AD2 /* GroceryListApplicationUITests.swift in Sources */ = {isa = PBXBuildFile; fileRef = 03BD7263296A9BC000431AD2 /* GroceryListApplicationUITests.swift */; };
		03BD7266296A9BC000431AD2 /* GroceryListApplicationUITestsLaunchTests.swift in Sources */ = {isa = PBXBuildFile; fileRef = 03BD7265296A9BC000431AD2 /* GroceryListApplicationUITestsLaunchTests.swift */; };
		03BD7276296AAD5900431AD2 /* FirebaseAnalytics in Frameworks */ = {isa = PBXBuildFile; productRef = 03BD7275296AAD5900431AD2 /* FirebaseAnalytics */; };
		03BD7278296AAD5900431AD2 /* FirebaseAnalyticsOnDeviceConversion in Frameworks */ = {isa = PBXBuildFile; productRef = 03BD7277296AAD5900431AD2 /* FirebaseAnalyticsOnDeviceConversion */; };
		03BD727A296AAD5900431AD2 /* FirebaseAnalyticsSwift in Frameworks */ = {isa = PBXBuildFile; productRef = 03BD7279296AAD5900431AD2 /* FirebaseAnalyticsSwift */; };
		03BD727C296AAD5900431AD2 /* FirebaseAnalyticsWithoutAdIdSupport in Frameworks */ = {isa = PBXBuildFile; productRef = 03BD727B296AAD5900431AD2 /* FirebaseAnalyticsWithoutAdIdSupport */; };
		03BD727E296AAD5900431AD2 /* FirebaseAppCheck in Frameworks */ = {isa = PBXBuildFile; productRef = 03BD727D296AAD5900431AD2 /* FirebaseAppCheck */; };
		03BD7280296AAD5900431AD2 /* FirebaseAppDistribution-Beta in Frameworks */ = {isa = PBXBuildFile; productRef = 03BD727F296AAD5900431AD2 /* FirebaseAppDistribution-Beta */; };
		03BD7282296AAD5900431AD2 /* FirebaseAuth in Frameworks */ = {isa = PBXBuildFile; productRef = 03BD7281296AAD5900431AD2 /* FirebaseAuth */; };
		03BD7284296AAD5900431AD2 /* FirebaseAuthCombine-Community in Frameworks */ = {isa = PBXBuildFile; productRef = 03BD7283296AAD5900431AD2 /* FirebaseAuthCombine-Community */; };
		03BD7286296AAD5900431AD2 /* FirebaseCrashlytics in Frameworks */ = {isa = PBXBuildFile; productRef = 03BD7285296AAD5900431AD2 /* FirebaseCrashlytics */; };
		03BD7288296AAD5900431AD2 /* FirebaseDatabase in Frameworks */ = {isa = PBXBuildFile; productRef = 03BD7287296AAD5900431AD2 /* FirebaseDatabase */; };
		03BD728A296AAD5900431AD2 /* FirebaseDatabaseSwift in Frameworks */ = {isa = PBXBuildFile; productRef = 03BD7289296AAD5900431AD2 /* FirebaseDatabaseSwift */; };
		03BD728C296AAD5900431AD2 /* FirebaseDynamicLinks in Frameworks */ = {isa = PBXBuildFile; productRef = 03BD728B296AAD5900431AD2 /* FirebaseDynamicLinks */; };
		03BD728E296AAD5900431AD2 /* FirebaseFirestore in Frameworks */ = {isa = PBXBuildFile; productRef = 03BD728D296AAD5900431AD2 /* FirebaseFirestore */; };
		03BD7290296AAD5900431AD2 /* FirebaseFirestoreCombine-Community in Frameworks */ = {isa = PBXBuildFile; productRef = 03BD728F296AAD5900431AD2 /* FirebaseFirestoreCombine-Community */; };
		03BD7292296AAD5900431AD2 /* FirebaseFirestoreSwift in Frameworks */ = {isa = PBXBuildFile; productRef = 03BD7291296AAD5900431AD2 /* FirebaseFirestoreSwift */; };
		03BD7294296AAD5900431AD2 /* FirebaseFunctions in Frameworks */ = {isa = PBXBuildFile; productRef = 03BD7293296AAD5900431AD2 /* FirebaseFunctions */; };
		03BD7296296AAD5900431AD2 /* FirebaseFunctionsCombine-Community in Frameworks */ = {isa = PBXBuildFile; productRef = 03BD7295296AAD5900431AD2 /* FirebaseFunctionsCombine-Community */; };
		03BD7298296AAD5900431AD2 /* FirebaseInAppMessaging-Beta in Frameworks */ = {isa = PBXBuildFile; productRef = 03BD7297296AAD5900431AD2 /* FirebaseInAppMessaging-Beta */; };
		03BD729A296AAD5900431AD2 /* FirebaseInAppMessagingSwift-Beta in Frameworks */ = {isa = PBXBuildFile; productRef = 03BD7299296AAD5900431AD2 /* FirebaseInAppMessagingSwift-Beta */; };
		03BD729C296AAD5900431AD2 /* FirebaseInstallations in Frameworks */ = {isa = PBXBuildFile; productRef = 03BD729B296AAD5900431AD2 /* FirebaseInstallations */; };
		03BD729E296AAD5900431AD2 /* FirebaseMLModelDownloader in Frameworks */ = {isa = PBXBuildFile; productRef = 03BD729D296AAD5900431AD2 /* FirebaseMLModelDownloader */; };
		03BD72A0296AAD5900431AD2 /* FirebaseMessaging in Frameworks */ = {isa = PBXBuildFile; productRef = 03BD729F296AAD5900431AD2 /* FirebaseMessaging */; };
		03BD72A2296AAD5900431AD2 /* FirebasePerformance in Frameworks */ = {isa = PBXBuildFile; productRef = 03BD72A1296AAD5900431AD2 /* FirebasePerformance */; };
		03BD72A4296AAD5900431AD2 /* FirebaseRemoteConfig in Frameworks */ = {isa = PBXBuildFile; productRef = 03BD72A3296AAD5900431AD2 /* FirebaseRemoteConfig */; };
		03BD72A6296AAD5900431AD2 /* FirebaseRemoteConfigSwift in Frameworks */ = {isa = PBXBuildFile; productRef = 03BD72A5296AAD5900431AD2 /* FirebaseRemoteConfigSwift */; };
		03BD72A8296AAD5900431AD2 /* FirebaseStorage in Frameworks */ = {isa = PBXBuildFile; productRef = 03BD72A7296AAD5900431AD2 /* FirebaseStorage */; };
		03BD72AA296AAD5900431AD2 /* FirebaseStorageCombine-Community in Frameworks */ = {isa = PBXBuildFile; productRef = 03BD72A9296AAD5900431AD2 /* FirebaseStorageCombine-Community */; };
		03BD72AC296ADF5400431AD2 /* GroceriesToBuyViewController.swift in Sources */ = {isa = PBXBuildFile; fileRef = 03BD72AB296ADF5400431AD2 /* GroceriesToBuyViewController.swift */; };
		03BD72AE296AEC9A00431AD2 /* GoogleService-Info.plist in Resources */ = {isa = PBXBuildFile; fileRef = 03BD72AD296AEC9A00431AD2 /* GoogleService-Info.plist */; };
		03BD72B2296B3B4000431AD2 /* FamilyTableViewCell.swift in Sources */ = {isa = PBXBuildFile; fileRef = 03BD72B1296B3B4000431AD2 /* FamilyTableViewCell.swift */; };
		03BD72B4296B3B5400431AD2 /* FamilyViewController.swift in Sources */ = {isa = PBXBuildFile; fileRef = 03BD72B3296B3B5400431AD2 /* FamilyViewController.swift */; };
/* End PBXBuildFile section */

/* Begin PBXContainerItemProxy section */
		03BD7256296A9BC000431AD2 /* PBXContainerItemProxy */ = {
			isa = PBXContainerItemProxy;
			containerPortal = 03BD7237296A9BBC00431AD2 /* Project object */;
			proxyType = 1;
			remoteGlobalIDString = 03BD723E296A9BBC00431AD2;
			remoteInfo = GroceryListApplication;
		};
		03BD7260296A9BC000431AD2 /* PBXContainerItemProxy */ = {
			isa = PBXContainerItemProxy;
			containerPortal = 03BD7237296A9BBC00431AD2 /* Project object */;
			proxyType = 1;
			remoteGlobalIDString = 03BD723E296A9BBC00431AD2;
			remoteInfo = GroceryListApplication;
		};
/* End PBXContainerItemProxy section */

/* Begin PBXFileReference section */
		032FD4F3296F7EF2008C0AC3 /* GrocertiesToBuyTableViewCell.swift */ = {isa = PBXFileReference; lastKnownFileType = sourcecode.swift; path = GrocertiesToBuyTableViewCell.swift; sourceTree = "<group>"; };
		0362ABC5296C029C00A4D1F0 /* LogInViewController.swift */ = {isa = PBXFileReference; lastKnownFileType = sourcecode.swift; path = LogInViewController.swift; sourceTree = "<group>"; };
		0362ABC7296C045D00A4D1F0 /* RegularExpression.swift */ = {isa = PBXFileReference; lastKnownFileType = sourcecode.swift; path = RegularExpression.swift; sourceTree = "<group>"; };
		0362ABC9296C065B00A4D1F0 /* RegisterViewController.swift */ = {isa = PBXFileReference; lastKnownFileType = sourcecode.swift; path = RegisterViewController.swift; sourceTree = "<group>"; };
		03BD723F296A9BBC00431AD2 /* GroceryListApplication.app */ = {isa = PBXFileReference; explicitFileType = wrapper.application; includeInIndex = 0; path = GroceryListApplication.app; sourceTree = BUILT_PRODUCTS_DIR; };
		03BD7242296A9BBC00431AD2 /* AppDelegate.swift */ = {isa = PBXFileReference; lastKnownFileType = sourcecode.swift; path = AppDelegate.swift; sourceTree = "<group>"; };
		03BD7244296A9BBC00431AD2 /* SceneDelegate.swift */ = {isa = PBXFileReference; lastKnownFileType = sourcecode.swift; path = SceneDelegate.swift; sourceTree = "<group>"; };
		03BD7249296A9BBC00431AD2 /* Base */ = {isa = PBXFileReference; lastKnownFileType = file.storyboard; name = Base; path = Base.lproj/Main.storyboard; sourceTree = "<group>"; };
		03BD724B296A9BBF00431AD2 /* Assets.xcassets */ = {isa = PBXFileReference; lastKnownFileType = folder.assetcatalog; path = Assets.xcassets; sourceTree = "<group>"; };
		03BD724E296A9BBF00431AD2 /* Base */ = {isa = PBXFileReference; lastKnownFileType = file.storyboard; name = Base; path = Base.lproj/LaunchScreen.storyboard; sourceTree = "<group>"; };
		03BD7250296A9BBF00431AD2 /* Info.plist */ = {isa = PBXFileReference; lastKnownFileType = text.plist.xml; path = Info.plist; sourceTree = "<group>"; };
		03BD7255296A9BC000431AD2 /* GroceryListApplicationTests.xctest */ = {isa = PBXFileReference; explicitFileType = wrapper.cfbundle; includeInIndex = 0; path = GroceryListApplicationTests.xctest; sourceTree = BUILT_PRODUCTS_DIR; };
		03BD7259296A9BC000431AD2 /* GroceryListApplicationTests.swift */ = {isa = PBXFileReference; lastKnownFileType = sourcecode.swift; path = GroceryListApplicationTests.swift; sourceTree = "<group>"; };
		03BD725F296A9BC000431AD2 /* GroceryListApplicationUITests.xctest */ = {isa = PBXFileReference; explicitFileType = wrapper.cfbundle; includeInIndex = 0; path = GroceryListApplicationUITests.xctest; sourceTree = BUILT_PRODUCTS_DIR; };
		03BD7263296A9BC000431AD2 /* GroceryListApplicationUITests.swift */ = {isa = PBXFileReference; lastKnownFileType = sourcecode.swift; path = GroceryListApplicationUITests.swift; sourceTree = "<group>"; };
		03BD7265296A9BC000431AD2 /* GroceryListApplicationUITestsLaunchTests.swift */ = {isa = PBXFileReference; lastKnownFileType = sourcecode.swift; path = GroceryListApplicationUITestsLaunchTests.swift; sourceTree = "<group>"; };
		03BD72AB296ADF5400431AD2 /* GroceriesToBuyViewController.swift */ = {isa = PBXFileReference; lastKnownFileType = sourcecode.swift; path = GroceriesToBuyViewController.swift; sourceTree = "<group>"; };
		03BD72AD296AEC9A00431AD2 /* GoogleService-Info.plist */ = {isa = PBXFileReference; fileEncoding = 4; lastKnownFileType = text.plist.xml; path = "GoogleService-Info.plist"; sourceTree = "<group>"; };
		03BD72B1296B3B4000431AD2 /* FamilyTableViewCell.swift */ = {isa = PBXFileReference; lastKnownFileType = sourcecode.swift; path = FamilyTableViewCell.swift; sourceTree = "<group>"; };
		03BD72B3296B3B5400431AD2 /* FamilyViewController.swift */ = {isa = PBXFileReference; lastKnownFileType = sourcecode.swift; path = FamilyViewController.swift; sourceTree = "<group>"; };
/* End PBXFileReference section */

/* Begin PBXFrameworksBuildPhase section */
		03BD723C296A9BBC00431AD2 /* Frameworks */ = {
			isa = PBXFrameworksBuildPhase;
			buildActionMask = 2147483647;
			files = (
				03BD7288296AAD5900431AD2 /* FirebaseDatabase in Frameworks */,
				03BD7296296AAD5900431AD2 /* FirebaseFunctionsCombine-Community in Frameworks */,
				03BD728E296AAD5900431AD2 /* FirebaseFirestore in Frameworks */,
				03BD727A296AAD5900431AD2 /* FirebaseAnalyticsSwift in Frameworks */,
				03BD7276296AAD5900431AD2 /* FirebaseAnalytics in Frameworks */,
				03BD7278296AAD5900431AD2 /* FirebaseAnalyticsOnDeviceConversion in Frameworks */,
				03BD729E296AAD5900431AD2 /* FirebaseMLModelDownloader in Frameworks */,
				03BD7292296AAD5900431AD2 /* FirebaseFirestoreSwift in Frameworks */,
				03BD727E296AAD5900431AD2 /* FirebaseAppCheck in Frameworks */,
				03BD727C296AAD5900431AD2 /* FirebaseAnalyticsWithoutAdIdSupport in Frameworks */,
				03BD7282296AAD5900431AD2 /* FirebaseAuth in Frameworks */,
				03BD7286296AAD5900431AD2 /* FirebaseCrashlytics in Frameworks */,
				03BD72A6296AAD5900431AD2 /* FirebaseRemoteConfigSwift in Frameworks */,
				03BD7298296AAD5900431AD2 /* FirebaseInAppMessaging-Beta in Frameworks */,
				03BD728A296AAD5900431AD2 /* FirebaseDatabaseSwift in Frameworks */,
				03BD7294296AAD5900431AD2 /* FirebaseFunctions in Frameworks */,
				03BD72AA296AAD5900431AD2 /* FirebaseStorageCombine-Community in Frameworks */,
				03BD72A4296AAD5900431AD2 /* FirebaseRemoteConfig in Frameworks */,
				03BD7280296AAD5900431AD2 /* FirebaseAppDistribution-Beta in Frameworks */,
				03BD7284296AAD5900431AD2 /* FirebaseAuthCombine-Community in Frameworks */,
				03BD72A2296AAD5900431AD2 /* FirebasePerformance in Frameworks */,
				03BD729A296AAD5900431AD2 /* FirebaseInAppMessagingSwift-Beta in Frameworks */,
				03BD72A8296AAD5900431AD2 /* FirebaseStorage in Frameworks */,
				03BD728C296AAD5900431AD2 /* FirebaseDynamicLinks in Frameworks */,
				03BD7290296AAD5900431AD2 /* FirebaseFirestoreCombine-Community in Frameworks */,
				03BD72A0296AAD5900431AD2 /* FirebaseMessaging in Frameworks */,
				03BD729C296AAD5900431AD2 /* FirebaseInstallations in Frameworks */,
			);
			runOnlyForDeploymentPostprocessing = 0;
		};
		03BD7252296A9BC000431AD2 /* Frameworks */ = {
			isa = PBXFrameworksBuildPhase;
			buildActionMask = 2147483647;
			files = (
			);
			runOnlyForDeploymentPostprocessing = 0;
		};
		03BD725C296A9BC000431AD2 /* Frameworks */ = {
			isa = PBXFrameworksBuildPhase;
			buildActionMask = 2147483647;
			files = (
			);
			runOnlyForDeploymentPostprocessing = 0;
		};
/* End PBXFrameworksBuildPhase section */

/* Begin PBXGroup section */
		032FD4F2296F6848008C0AC3 /* Family */ = {
			isa = PBXGroup;
			children = (
				03BD72B3296B3B5400431AD2 /* FamilyViewController.swift */,
				03BD72B1296B3B4000431AD2 /* FamilyTableViewCell.swift */,
			);
			path = Family;
			sourceTree = "<group>";
		};
		032FD4F5296FE251008C0AC3 /* Resources */ = {
			isa = PBXGroup;
			children = (
				03BD7242296A9BBC00431AD2 /* AppDelegate.swift */,
				03BD7244296A9BBC00431AD2 /* SceneDelegate.swift */,
			);
			path = Resources;
			sourceTree = "<group>";
		};
		0388D3A3296F64FD00343988 /* Grocery */ = {
			isa = PBXGroup;
			children = (
				03BD72AB296ADF5400431AD2 /* GroceriesToBuyViewController.swift */,
				032FD4F3296F7EF2008C0AC3 /* GrocertiesToBuyTableViewCell.swift */,
			);
			path = Grocery;
			sourceTree = "<group>";
		};
		0388D3A4296F654A00343988 /* RegisterAndLogin */ = {
			isa = PBXGroup;
			children = (
				0362ABC5296C029C00A4D1F0 /* LogInViewController.swift */,
				0362ABC9296C065B00A4D1F0 /* RegisterViewController.swift */,
				0362ABC7296C045D00A4D1F0 /* RegularExpression.swift */,
			);
			path = RegisterAndLogin;
			sourceTree = "<group>";
		};
		0388D3A5296F660100343988 /* Controllers */ = {
			isa = PBXGroup;
			children = (
				032FD4F2296F6848008C0AC3 /* Family */,
				0388D3A3296F64FD00343988 /* Grocery */,
				032FD4F5296FE251008C0AC3 /* Resources */,
				0388D3A4296F654A00343988 /* RegisterAndLogin */,
			);
			path = Controllers;
			sourceTree = "<group>";
		};
		03BD7236296A9BBC00431AD2 = {
			isa = PBXGroup;
			children = (
				03BD7241296A9BBC00431AD2 /* GroceryListApplication */,
				03BD7258296A9BC000431AD2 /* GroceryListApplicationTests */,
				03BD7262296A9BC000431AD2 /* GroceryListApplicationUITests */,
				03BD7240296A9BBC00431AD2 /* Products */,
			);
			sourceTree = "<group>";
		};
		03BD7240296A9BBC00431AD2 /* Products */ = {
			isa = PBXGroup;
			children = (
				03BD723F296A9BBC00431AD2 /* GroceryListApplication.app */,
				03BD7255296A9BC000431AD2 /* GroceryListApplicationTests.xctest */,
				03BD725F296A9BC000431AD2 /* GroceryListApplicationUITests.xctest */,
			);
			name = Products;
			sourceTree = "<group>";
		};
		03BD7241296A9BBC00431AD2 /* GroceryListApplication */ = {
			isa = PBXGroup;
			children = (
				03BD72AD296AEC9A00431AD2 /* GoogleService-Info.plist */,
				03BD7250296A9BBF00431AD2 /* Info.plist */,
				0388D3A5296F660100343988 /* Controllers */,
				03BD7248296A9BBC00431AD2 /* Main.storyboard */,
				03BD724B296A9BBF00431AD2 /* Assets.xcassets */,
				03BD724D296A9BBF00431AD2 /* LaunchScreen.storyboard */,
			);
			path = GroceryListApplication;
			sourceTree = "<group>";
		};
		03BD7258296A9BC000431AD2 /* GroceryListApplicationTests */ = {
			isa = PBXGroup;
			children = (
				03BD7259296A9BC000431AD2 /* GroceryListApplicationTests.swift */,
			);
			path = GroceryListApplicationTests;
			sourceTree = "<group>";
		};
		03BD7262296A9BC000431AD2 /* GroceryListApplicationUITests */ = {
			isa = PBXGroup;
			children = (
				03BD7263296A9BC000431AD2 /* GroceryListApplicationUITests.swift */,
				03BD7265296A9BC000431AD2 /* GroceryListApplicationUITestsLaunchTests.swift */,
			);
			path = GroceryListApplicationUITests;
			sourceTree = "<group>";
		};
/* End PBXGroup section */

/* Begin PBXNativeTarget section */
		03BD723E296A9BBC00431AD2 /* GroceryListApplication */ = {
			isa = PBXNativeTarget;
			buildConfigurationList = 03BD7269296A9BC000431AD2 /* Build configuration list for PBXNativeTarget "GroceryListApplication" */;
			buildPhases = (
				03BD723B296A9BBC00431AD2 /* Sources */,
				03BD723C296A9BBC00431AD2 /* Frameworks */,
				03BD723D296A9BBC00431AD2 /* Resources */,
			);
			buildRules = (
			);
			dependencies = (
			);
			name = GroceryListApplication;
			packageProductDependencies = (
				03BD7275296AAD5900431AD2 /* FirebaseAnalytics */,
				03BD7277296AAD5900431AD2 /* FirebaseAnalyticsOnDeviceConversion */,
				03BD7279296AAD5900431AD2 /* FirebaseAnalyticsSwift */,
				03BD727B296AAD5900431AD2 /* FirebaseAnalyticsWithoutAdIdSupport */,
				03BD727D296AAD5900431AD2 /* FirebaseAppCheck */,
				03BD727F296AAD5900431AD2 /* FirebaseAppDistribution-Beta */,
				03BD7281296AAD5900431AD2 /* FirebaseAuth */,
				03BD7283296AAD5900431AD2 /* FirebaseAuthCombine-Community */,
				03BD7285296AAD5900431AD2 /* FirebaseCrashlytics */,
				03BD7287296AAD5900431AD2 /* FirebaseDatabase */,
				03BD7289296AAD5900431AD2 /* FirebaseDatabaseSwift */,
				03BD728B296AAD5900431AD2 /* FirebaseDynamicLinks */,
				03BD728D296AAD5900431AD2 /* FirebaseFirestore */,
				03BD728F296AAD5900431AD2 /* FirebaseFirestoreCombine-Community */,
				03BD7291296AAD5900431AD2 /* FirebaseFirestoreSwift */,
				03BD7293296AAD5900431AD2 /* FirebaseFunctions */,
				03BD7295296AAD5900431AD2 /* FirebaseFunctionsCombine-Community */,
				03BD7297296AAD5900431AD2 /* FirebaseInAppMessaging-Beta */,
				03BD7299296AAD5900431AD2 /* FirebaseInAppMessagingSwift-Beta */,
				03BD729B296AAD5900431AD2 /* FirebaseInstallations */,
				03BD729D296AAD5900431AD2 /* FirebaseMLModelDownloader */,
				03BD729F296AAD5900431AD2 /* FirebaseMessaging */,
				03BD72A1296AAD5900431AD2 /* FirebasePerformance */,
				03BD72A3296AAD5900431AD2 /* FirebaseRemoteConfig */,
				03BD72A5296AAD5900431AD2 /* FirebaseRemoteConfigSwift */,
				03BD72A7296AAD5900431AD2 /* FirebaseStorage */,
				03BD72A9296AAD5900431AD2 /* FirebaseStorageCombine-Community */,
			);
			productName = GroceryListApplication;
			productReference = 03BD723F296A9BBC00431AD2 /* GroceryListApplication.app */;
			productType = "com.apple.product-type.application";
		};
		03BD7254296A9BC000431AD2 /* GroceryListApplicationTests */ = {
			isa = PBXNativeTarget;
			buildConfigurationList = 03BD726C296A9BC000431AD2 /* Build configuration list for PBXNativeTarget "GroceryListApplicationTests" */;
			buildPhases = (
				03BD7251296A9BC000431AD2 /* Sources */,
				03BD7252296A9BC000431AD2 /* Frameworks */,
				03BD7253296A9BC000431AD2 /* Resources */,
			);
			buildRules = (
			);
			dependencies = (
				03BD7257296A9BC000431AD2 /* PBXTargetDependency */,
			);
			name = GroceryListApplicationTests;
			productName = GroceryListApplicationTests;
			productReference = 03BD7255296A9BC000431AD2 /* GroceryListApplicationTests.xctest */;
			productType = "com.apple.product-type.bundle.unit-test";
		};
		03BD725E296A9BC000431AD2 /* GroceryListApplicationUITests */ = {
			isa = PBXNativeTarget;
			buildConfigurationList = 03BD726F296A9BC000431AD2 /* Build configuration list for PBXNativeTarget "GroceryListApplicationUITests" */;
			buildPhases = (
				03BD725B296A9BC000431AD2 /* Sources */,
				03BD725C296A9BC000431AD2 /* Frameworks */,
				03BD725D296A9BC000431AD2 /* Resources */,
			);
			buildRules = (
			);
			dependencies = (
				03BD7261296A9BC000431AD2 /* PBXTargetDependency */,
			);
			name = GroceryListApplicationUITests;
			productName = GroceryListApplicationUITests;
			productReference = 03BD725F296A9BC000431AD2 /* GroceryListApplicationUITests.xctest */;
			productType = "com.apple.product-type.bundle.ui-testing";
		};
/* End PBXNativeTarget section */

/* Begin PBXProject section */
		03BD7237296A9BBC00431AD2 /* Project object */ = {
			isa = PBXProject;
			attributes = {
				BuildIndependentTargetsInParallel = 1;
				LastSwiftUpdateCheck = 1400;
				LastUpgradeCheck = 1400;
				TargetAttributes = {
					03BD723E296A9BBC00431AD2 = {
						CreatedOnToolsVersion = 14.0.1;
					};
					03BD7254296A9BC000431AD2 = {
						CreatedOnToolsVersion = 14.0.1;
						TestTargetID = 03BD723E296A9BBC00431AD2;
					};
					03BD725E296A9BC000431AD2 = {
						CreatedOnToolsVersion = 14.0.1;
						TestTargetID = 03BD723E296A9BBC00431AD2;
					};
				};
			};
			buildConfigurationList = 03BD723A296A9BBC00431AD2 /* Build configuration list for PBXProject "GroceryListApplication" */;
			compatibilityVersion = "Xcode 14.0";
			developmentRegion = en;
			hasScannedForEncodings = 0;
			knownRegions = (
				en,
				Base,
			);
			mainGroup = 03BD7236296A9BBC00431AD2;
			packageReferences = (
				03BD7274296AAD5900431AD2 /* XCRemoteSwiftPackageReference "firebase-ios-sdk" */,
			);
			productRefGroup = 03BD7240296A9BBC00431AD2 /* Products */;
			projectDirPath = "";
			projectRoot = "";
			targets = (
				03BD723E296A9BBC00431AD2 /* GroceryListApplication */,
				03BD7254296A9BC000431AD2 /* GroceryListApplicationTests */,
				03BD725E296A9BC000431AD2 /* GroceryListApplicationUITests */,
			);
		};
/* End PBXProject section */

/* Begin PBXResourcesBuildPhase section */
		03BD723D296A9BBC00431AD2 /* Resources */ = {
			isa = PBXResourcesBuildPhase;
			buildActionMask = 2147483647;
			files = (
				03BD724F296A9BBF00431AD2 /* LaunchScreen.storyboard in Resources */,
				03BD72AE296AEC9A00431AD2 /* GoogleService-Info.plist in Resources */,
				03BD724C296A9BBF00431AD2 /* Assets.xcassets in Resources */,
				03BD724A296A9BBC00431AD2 /* Main.storyboard in Resources */,
			);
			runOnlyForDeploymentPostprocessing = 0;
		};
		03BD7253296A9BC000431AD2 /* Resources */ = {
			isa = PBXResourcesBuildPhase;
			buildActionMask = 2147483647;
			files = (
			);
			runOnlyForDeploymentPostprocessing = 0;
		};
		03BD725D296A9BC000431AD2 /* Resources */ = {
			isa = PBXResourcesBuildPhase;
			buildActionMask = 2147483647;
			files = (
			);
			runOnlyForDeploymentPostprocessing = 0;
		};
/* End PBXResourcesBuildPhase section */

/* Begin PBXSourcesBuildPhase section */
		03BD723B296A9BBC00431AD2 /* Sources */ = {
			isa = PBXSourcesBuildPhase;
			buildActionMask = 2147483647;
			files = (
				03BD72B4296B3B5400431AD2 /* FamilyViewController.swift in Sources */,
				032FD4F4296F7EF2008C0AC3 /* GrocertiesToBuyTableViewCell.swift in Sources */,
				0362ABCA296C065B00A4D1F0 /* RegisterViewController.swift in Sources */,
				0362ABC8296C045D00A4D1F0 /* RegularExpression.swift in Sources */,
				03BD72B2296B3B4000431AD2 /* FamilyTableViewCell.swift in Sources */,
				03BD7243296A9BBC00431AD2 /* AppDelegate.swift in Sources */,
				0362ABC6296C029C00A4D1F0 /* LogInViewController.swift in Sources */,
				03BD72AC296ADF5400431AD2 /* GroceriesToBuyViewController.swift in Sources */,
				03BD7245296A9BBC00431AD2 /* SceneDelegate.swift in Sources */,
			);
			runOnlyForDeploymentPostprocessing = 0;
		};
		03BD7251296A9BC000431AD2 /* Sources */ = {
			isa = PBXSourcesBuildPhase;
			buildActionMask = 2147483647;
			files = (
				03BD725A296A9BC000431AD2 /* GroceryListApplicationTests.swift in Sources */,
			);
			runOnlyForDeploymentPostprocessing = 0;
		};
		03BD725B296A9BC000431AD2 /* Sources */ = {
			isa = PBXSourcesBuildPhase;
			buildActionMask = 2147483647;
			files = (
				03BD7264296A9BC000431AD2 /* GroceryListApplicationUITests.swift in Sources */,
				03BD7266296A9BC000431AD2 /* GroceryListApplicationUITestsLaunchTests.swift in Sources */,
			);
			runOnlyForDeploymentPostprocessing = 0;
		};
/* End PBXSourcesBuildPhase section */

/* Begin PBXTargetDependency section */
		03BD7257296A9BC000431AD2 /* PBXTargetDependency */ = {
			isa = PBXTargetDependency;
			target = 03BD723E296A9BBC00431AD2 /* GroceryListApplication */;
			targetProxy = 03BD7256296A9BC000431AD2 /* PBXContainerItemProxy */;
		};
		03BD7261296A9BC000431AD2 /* PBXTargetDependency */ = {
			isa = PBXTargetDependency;
			target = 03BD723E296A9BBC00431AD2 /* GroceryListApplication */;
			targetProxy = 03BD7260296A9BC000431AD2 /* PBXContainerItemProxy */;
		};
/* End PBXTargetDependency section */

/* Begin PBXVariantGroup section */
		03BD7248296A9BBC00431AD2 /* Main.storyboard */ = {
			isa = PBXVariantGroup;
			children = (
				03BD7249296A9BBC00431AD2 /* Base */,
			);
			name = Main.storyboard;
			sourceTree = "<group>";
		};
		03BD724D296A9BBF00431AD2 /* LaunchScreen.storyboard */ = {
			isa = PBXVariantGroup;
			children = (
				03BD724E296A9BBF00431AD2 /* Base */,
			);
			name = LaunchScreen.storyboard;
			sourceTree = "<group>";
		};
/* End PBXVariantGroup section */

/* Begin XCBuildConfiguration section */
		03BD7267296A9BC000431AD2 /* Debug */ = {
			isa = XCBuildConfiguration;
			buildSettings = {
				ALWAYS_SEARCH_USER_PATHS = NO;
				CLANG_ANALYZER_NONNULL = YES;
				CLANG_ANALYZER_NUMBER_OBJECT_CONVERSION = YES_AGGRESSIVE;
				CLANG_CXX_LANGUAGE_STANDARD = "gnu++20";
				CLANG_ENABLE_MODULES = YES;
				CLANG_ENABLE_OBJC_ARC = YES;
				CLANG_ENABLE_OBJC_WEAK = YES;
				CLANG_WARN_BLOCK_CAPTURE_AUTORELEASING = YES;
				CLANG_WARN_BOOL_CONVERSION = YES;
				CLANG_WARN_COMMA = YES;
				CLANG_WARN_CONSTANT_CONVERSION = YES;
				CLANG_WARN_DEPRECATED_OBJC_IMPLEMENTATIONS = YES;
				CLANG_WARN_DIRECT_OBJC_ISA_USAGE = YES_ERROR;
				CLANG_WARN_DOCUMENTATION_COMMENTS = YES;
				CLANG_WARN_EMPTY_BODY = YES;
				CLANG_WARN_ENUM_CONVERSION = YES;
				CLANG_WARN_INFINITE_RECURSION = YES;
				CLANG_WARN_INT_CONVERSION = YES;
				CLANG_WARN_NON_LITERAL_NULL_CONVERSION = YES;
				CLANG_WARN_OBJC_IMPLICIT_RETAIN_SELF = YES;
				CLANG_WARN_OBJC_LITERAL_CONVERSION = YES;
				CLANG_WARN_OBJC_ROOT_CLASS = YES_ERROR;
				CLANG_WARN_QUOTED_INCLUDE_IN_FRAMEWORK_HEADER = YES;
				CLANG_WARN_RANGE_LOOP_ANALYSIS = YES;
				CLANG_WARN_STRICT_PROTOTYPES = YES;
				CLANG_WARN_SUSPICIOUS_MOVE = YES;
				CLANG_WARN_UNGUARDED_AVAILABILITY = YES_AGGRESSIVE;
				CLANG_WARN_UNREACHABLE_CODE = YES;
				CLANG_WARN__DUPLICATE_METHOD_MATCH = YES;
				COPY_PHASE_STRIP = NO;
				DEBUG_INFORMATION_FORMAT = dwarf;
				ENABLE_STRICT_OBJC_MSGSEND = YES;
				ENABLE_TESTABILITY = YES;
				GCC_C_LANGUAGE_STANDARD = gnu11;
				GCC_DYNAMIC_NO_PIC = NO;
				GCC_NO_COMMON_BLOCKS = YES;
				GCC_OPTIMIZATION_LEVEL = 0;
				GCC_PREPROCESSOR_DEFINITIONS = (
					"DEBUG=1",
					"$(inherited)",
				);
				GCC_WARN_64_TO_32_BIT_CONVERSION = YES;
				GCC_WARN_ABOUT_RETURN_TYPE = YES_ERROR;
				GCC_WARN_UNDECLARED_SELECTOR = YES;
				GCC_WARN_UNINITIALIZED_AUTOS = YES_AGGRESSIVE;
				GCC_WARN_UNUSED_FUNCTION = YES;
				GCC_WARN_UNUSED_VARIABLE = YES;
				IPHONEOS_DEPLOYMENT_TARGET = 16.0;
				MTL_ENABLE_DEBUG_INFO = INCLUDE_SOURCE;
				MTL_FAST_MATH = YES;
				ONLY_ACTIVE_ARCH = YES;
				SDKROOT = iphoneos;
				SWIFT_ACTIVE_COMPILATION_CONDITIONS = DEBUG;
				SWIFT_OPTIMIZATION_LEVEL = "-Onone";
			};
			name = Debug;
		};
		03BD7268296A9BC000431AD2 /* Release */ = {
			isa = XCBuildConfiguration;
			buildSettings = {
				ALWAYS_SEARCH_USER_PATHS = NO;
				CLANG_ANALYZER_NONNULL = YES;
				CLANG_ANALYZER_NUMBER_OBJECT_CONVERSION = YES_AGGRESSIVE;
				CLANG_CXX_LANGUAGE_STANDARD = "gnu++20";
				CLANG_ENABLE_MODULES = YES;
				CLANG_ENABLE_OBJC_ARC = YES;
				CLANG_ENABLE_OBJC_WEAK = YES;
				CLANG_WARN_BLOCK_CAPTURE_AUTORELEASING = YES;
				CLANG_WARN_BOOL_CONVERSION = YES;
				CLANG_WARN_COMMA = YES;
				CLANG_WARN_CONSTANT_CONVERSION = YES;
				CLANG_WARN_DEPRECATED_OBJC_IMPLEMENTATIONS = YES;
				CLANG_WARN_DIRECT_OBJC_ISA_USAGE = YES_ERROR;
				CLANG_WARN_DOCUMENTATION_COMMENTS = YES;
				CLANG_WARN_EMPTY_BODY = YES;
				CLANG_WARN_ENUM_CONVERSION = YES;
				CLANG_WARN_INFINITE_RECURSION = YES;
				CLANG_WARN_INT_CONVERSION = YES;
				CLANG_WARN_NON_LITERAL_NULL_CONVERSION = YES;
				CLANG_WARN_OBJC_IMPLICIT_RETAIN_SELF = YES;
				CLANG_WARN_OBJC_LITERAL_CONVERSION = YES;
				CLANG_WARN_OBJC_ROOT_CLASS = YES_ERROR;
				CLANG_WARN_QUOTED_INCLUDE_IN_FRAMEWORK_HEADER = YES;
				CLANG_WARN_RANGE_LOOP_ANALYSIS = YES;
				CLANG_WARN_STRICT_PROTOTYPES = YES;
				CLANG_WARN_SUSPICIOUS_MOVE = YES;
				CLANG_WARN_UNGUARDED_AVAILABILITY = YES_AGGRESSIVE;
				CLANG_WARN_UNREACHABLE_CODE = YES;
				CLANG_WARN__DUPLICATE_METHOD_MATCH = YES;
				COPY_PHASE_STRIP = NO;
				DEBUG_INFORMATION_FORMAT = "dwarf-with-dsym";
				ENABLE_NS_ASSERTIONS = NO;
				ENABLE_STRICT_OBJC_MSGSEND = YES;
				GCC_C_LANGUAGE_STANDARD = gnu11;
				GCC_NO_COMMON_BLOCKS = YES;
				GCC_WARN_64_TO_32_BIT_CONVERSION = YES;
				GCC_WARN_ABOUT_RETURN_TYPE = YES_ERROR;
				GCC_WARN_UNDECLARED_SELECTOR = YES;
				GCC_WARN_UNINITIALIZED_AUTOS = YES_AGGRESSIVE;
				GCC_WARN_UNUSED_FUNCTION = YES;
				GCC_WARN_UNUSED_VARIABLE = YES;
				IPHONEOS_DEPLOYMENT_TARGET = 16.0;
				MTL_ENABLE_DEBUG_INFO = NO;
				MTL_FAST_MATH = YES;
				SDKROOT = iphoneos;
				SWIFT_COMPILATION_MODE = wholemodule;
				SWIFT_OPTIMIZATION_LEVEL = "-O";
				VALIDATE_PRODUCT = YES;
			};
			name = Release;
		};
		03BD726A296A9BC000431AD2 /* Debug */ = {
			isa = XCBuildConfiguration;
			buildSettings = {
				ASSETCATALOG_COMPILER_APPICON_NAME = AppIcon;
				ASSETCATALOG_COMPILER_GLOBAL_ACCENT_COLOR_NAME = AccentColor;
				CODE_SIGN_STYLE = Automatic;
				CURRENT_PROJECT_VERSION = 1;
				GENERATE_INFOPLIST_FILE = YES;
				INFOPLIST_FILE = GroceryListApplication/Info.plist;
				INFOPLIST_KEY_UIApplicationSupportsIndirectInputEvents = YES;
				INFOPLIST_KEY_UILaunchStoryboardName = LaunchScreen;
				INFOPLIST_KEY_UIMainStoryboardFile = Main;
				INFOPLIST_KEY_UISupportedInterfaceOrientations_iPad = "UIInterfaceOrientationPortrait UIInterfaceOrientationPortraitUpsideDown UIInterfaceOrientationLandscapeLeft UIInterfaceOrientationLandscapeRight";
				INFOPLIST_KEY_UISupportedInterfaceOrientations_iPhone = "UIInterfaceOrientationPortrait UIInterfaceOrientationLandscapeLeft UIInterfaceOrientationLandscapeRight";
				LD_RUNPATH_SEARCH_PATHS = (
					"$(inherited)",
					"@executable_path/Frameworks",
				);
				MARKETING_VERSION = 1.0;
				PRODUCT_BUNDLE_IDENTIFIER = try.GroceryListApplication;
				PRODUCT_NAME = "$(TARGET_NAME)";
				SWIFT_EMIT_LOC_STRINGS = YES;
				SWIFT_VERSION = 5.0;
				TARGETED_DEVICE_FAMILY = "1,2";
			};
			name = Debug;
		};
		03BD726B296A9BC000431AD2 /* Release */ = {
			isa = XCBuildConfiguration;
			buildSettings = {
				ASSETCATALOG_COMPILER_APPICON_NAME = AppIcon;
				ASSETCATALOG_COMPILER_GLOBAL_ACCENT_COLOR_NAME = AccentColor;
				CODE_SIGN_STYLE = Automatic;
				CURRENT_PROJECT_VERSION = 1;
				GENERATE_INFOPLIST_FILE = YES;
				INFOPLIST_FILE = GroceryListApplication/Info.plist;
				INFOPLIST_KEY_UIApplicationSupportsIndirectInputEvents = YES;
				INFOPLIST_KEY_UILaunchStoryboardName = LaunchScreen;
				INFOPLIST_KEY_UIMainStoryboardFile = Main;
				INFOPLIST_KEY_UISupportedInterfaceOrientations_iPad = "UIInterfaceOrientationPortrait UIInterfaceOrientationPortraitUpsideDown UIInterfaceOrientationLandscapeLeft UIInterfaceOrientationLandscapeRight";
				INFOPLIST_KEY_UISupportedInterfaceOrientations_iPhone = "UIInterfaceOrientationPortrait UIInterfaceOrientationLandscapeLeft UIInterfaceOrientationLandscapeRight";
				LD_RUNPATH_SEARCH_PATHS = (
					"$(inherited)",
					"@executable_path/Frameworks",
				);
				MARKETING_VERSION = 1.0;
				PRODUCT_BUNDLE_IDENTIFIER = try.GroceryListApplication;
				PRODUCT_NAME = "$(TARGET_NAME)";
				SWIFT_EMIT_LOC_STRINGS = YES;
				SWIFT_VERSION = 5.0;
				TARGETED_DEVICE_FAMILY = "1,2";
			};
			name = Release;
		};
		03BD726D296A9BC000431AD2 /* Debug */ = {
			isa = XCBuildConfiguration;
			buildSettings = {
				ALWAYS_EMBED_SWIFT_STANDARD_LIBRARIES = YES;
				BUNDLE_LOADER = "$(TEST_HOST)";
				CODE_SIGN_STYLE = Automatic;
				CURRENT_PROJECT_VERSION = 1;
				GENERATE_INFOPLIST_FILE = YES;
				IPHONEOS_DEPLOYMENT_TARGET = 16.0;
				MARKETING_VERSION = 1.0;
				PRODUCT_BUNDLE_IDENTIFIER = try.GroceryListApplicationTests;
				PRODUCT_NAME = "$(TARGET_NAME)";
				SWIFT_EMIT_LOC_STRINGS = NO;
				SWIFT_VERSION = 5.0;
				TARGETED_DEVICE_FAMILY = "1,2";
				TEST_HOST = "$(BUILT_PRODUCTS_DIR)/GroceryListApplication.app/$(BUNDLE_EXECUTABLE_FOLDER_PATH)/GroceryListApplication";
			};
			name = Debug;
		};
		03BD726E296A9BC000431AD2 /* Release */ = {
			isa = XCBuildConfiguration;
			buildSettings = {
				ALWAYS_EMBED_SWIFT_STANDARD_LIBRARIES = YES;
				BUNDLE_LOADER = "$(TEST_HOST)";
				CODE_SIGN_STYLE = Automatic;
				CURRENT_PROJECT_VERSION = 1;
				GENERATE_INFOPLIST_FILE = YES;
				IPHONEOS_DEPLOYMENT_TARGET = 16.0;
				MARKETING_VERSION = 1.0;
				PRODUCT_BUNDLE_IDENTIFIER = try.GroceryListApplicationTests;
				PRODUCT_NAME = "$(TARGET_NAME)";
				SWIFT_EMIT_LOC_STRINGS = NO;
				SWIFT_VERSION = 5.0;
				TARGETED_DEVICE_FAMILY = "1,2";
				TEST_HOST = "$(BUILT_PRODUCTS_DIR)/GroceryListApplication.app/$(BUNDLE_EXECUTABLE_FOLDER_PATH)/GroceryListApplication";
			};
			name = Release;
		};
		03BD7270296A9BC000431AD2 /* Debug */ = {
			isa = XCBuildConfiguration;
			buildSettings = {
				ALWAYS_EMBED_SWIFT_STANDARD_LIBRARIES = YES;
				CODE_SIGN_STYLE = Automatic;
				CURRENT_PROJECT_VERSION = 1;
				GENERATE_INFOPLIST_FILE = YES;
				MARKETING_VERSION = 1.0;
				PRODUCT_BUNDLE_IDENTIFIER = try.GroceryListApplicationUITests;
				PRODUCT_NAME = "$(TARGET_NAME)";
				SWIFT_EMIT_LOC_STRINGS = NO;
				SWIFT_VERSION = 5.0;
				TARGETED_DEVICE_FAMILY = "1,2";
				TEST_TARGET_NAME = GroceryListApplication;
			};
			name = Debug;
		};
		03BD7271296A9BC000431AD2 /* Release */ = {
			isa = XCBuildConfiguration;
			buildSettings = {
				ALWAYS_EMBED_SWIFT_STANDARD_LIBRARIES = YES;
				CODE_SIGN_STYLE = Automatic;
				CURRENT_PROJECT_VERSION = 1;
				GENERATE_INFOPLIST_FILE = YES;
				MARKETING_VERSION = 1.0;
				PRODUCT_BUNDLE_IDENTIFIER = try.GroceryListApplicationUITests;
				PRODUCT_NAME = "$(TARGET_NAME)";
				SWIFT_EMIT_LOC_STRINGS = NO;
				SWIFT_VERSION = 5.0;
				TARGETED_DEVICE_FAMILY = "1,2";
				TEST_TARGET_NAME = GroceryListApplication;
			};
			name = Release;
		};
/* End XCBuildConfiguration section */

/* Begin XCConfigurationList section */
		03BD723A296A9BBC00431AD2 /* Build configuration list for PBXProject "GroceryListApplication" */ = {
			isa = XCConfigurationList;
			buildConfigurations = (
				03BD7267296A9BC000431AD2 /* Debug */,
				03BD7268296A9BC000431AD2 /* Release */,
			);
			defaultConfigurationIsVisible = 0;
			defaultConfigurationName = Release;
		};
		03BD7269296A9BC000431AD2 /* Build configuration list for PBXNativeTarget "GroceryListApplication" */ = {
			isa = XCConfigurationList;
			buildConfigurations = (
				03BD726A296A9BC000431AD2 /* Debug */,
				03BD726B296A9BC000431AD2 /* Release */,
			);
			defaultConfigurationIsVisible = 0;
			defaultConfigurationName = Release;
		};
		03BD726C296A9BC000431AD2 /* Build configuration list for PBXNativeTarget "GroceryListApplicationTests" */ = {
			isa = XCConfigurationList;
			buildConfigurations = (
				03BD726D296A9BC000431AD2 /* Debug */,
				03BD726E296A9BC000431AD2 /* Release */,
			);
			defaultConfigurationIsVisible = 0;
			defaultConfigurationName = Release;
		};
		03BD726F296A9BC000431AD2 /* Build configuration list for PBXNativeTarget "GroceryListApplicationUITests" */ = {
			isa = XCConfigurationList;
			buildConfigurations = (
				03BD7270296A9BC000431AD2 /* Debug */,
				03BD7271296A9BC000431AD2 /* Release */,
			);
			defaultConfigurationIsVisible = 0;
			defaultConfigurationName = Release;
		};
/* End XCConfigurationList section */

/* Begin XCRemoteSwiftPackageReference section */
		03BD7274296AAD5900431AD2 /* XCRemoteSwiftPackageReference "firebase-ios-sdk" */ = {
			isa = XCRemoteSwiftPackageReference;
			repositoryURL = "https://github.com/firebase/firebase-ios-sdk";
			requirement = {
				branch = master;
				kind = branch;
			};
		};
/* End XCRemoteSwiftPackageReference section */

/* Begin XCSwiftPackageProductDependency section */
		03BD7275296AAD5900431AD2 /* FirebaseAnalytics */ = {
			isa = XCSwiftPackageProductDependency;
			package = 03BD7274296AAD5900431AD2 /* XCRemoteSwiftPackageReference "firebase-ios-sdk" */;
			productName = FirebaseAnalytics;
		};
		03BD7277296AAD5900431AD2 /* FirebaseAnalyticsOnDeviceConversion */ = {
			isa = XCSwiftPackageProductDependency;
			package = 03BD7274296AAD5900431AD2 /* XCRemoteSwiftPackageReference "firebase-ios-sdk" */;
			productName = FirebaseAnalyticsOnDeviceConversion;
		};
		03BD7279296AAD5900431AD2 /* FirebaseAnalyticsSwift */ = {
			isa = XCSwiftPackageProductDependency;
			package = 03BD7274296AAD5900431AD2 /* XCRemoteSwiftPackageReference "firebase-ios-sdk" */;
			productName = FirebaseAnalyticsSwift;
		};
		03BD727B296AAD5900431AD2 /* FirebaseAnalyticsWithoutAdIdSupport */ = {
			isa = XCSwiftPackageProductDependency;
			package = 03BD7274296AAD5900431AD2 /* XCRemoteSwiftPackageReference "firebase-ios-sdk" */;
			productName = FirebaseAnalyticsWithoutAdIdSupport;
		};
		03BD727D296AAD5900431AD2 /* FirebaseAppCheck */ = {
			isa = XCSwiftPackageProductDependency;
			package = 03BD7274296AAD5900431AD2 /* XCRemoteSwiftPackageReference "firebase-ios-sdk" */;
			productName = FirebaseAppCheck;
		};
		03BD727F296AAD5900431AD2 /* FirebaseAppDistribution-Beta */ = {
			isa = XCSwiftPackageProductDependency;
			package = 03BD7274296AAD5900431AD2 /* XCRemoteSwiftPackageReference "firebase-ios-sdk" */;
			productName = "FirebaseAppDistribution-Beta";
		};
		03BD7281296AAD5900431AD2 /* FirebaseAuth */ = {
			isa = XCSwiftPackageProductDependency;
			package = 03BD7274296AAD5900431AD2 /* XCRemoteSwiftPackageReference "firebase-ios-sdk" */;
			productName = FirebaseAuth;
		};
		03BD7283296AAD5900431AD2 /* FirebaseAuthCombine-Community */ = {
			isa = XCSwiftPackageProductDependency;
			package = 03BD7274296AAD5900431AD2 /* XCRemoteSwiftPackageReference "firebase-ios-sdk" */;
			productName = "FirebaseAuthCombine-Community";
		};
		03BD7285296AAD5900431AD2 /* FirebaseCrashlytics */ = {
			isa = XCSwiftPackageProductDependency;
			package = 03BD7274296AAD5900431AD2 /* XCRemoteSwiftPackageReference "firebase-ios-sdk" */;
			productName = FirebaseCrashlytics;
		};
		03BD7287296AAD5900431AD2 /* FirebaseDatabase */ = {
			isa = XCSwiftPackageProductDependency;
			package = 03BD7274296AAD5900431AD2 /* XCRemoteSwiftPackageReference "firebase-ios-sdk" */;
			productName = FirebaseDatabase;
		};
		03BD7289296AAD5900431AD2 /* FirebaseDatabaseSwift */ = {
			isa = XCSwiftPackageProductDependency;
			package = 03BD7274296AAD5900431AD2 /* XCRemoteSwiftPackageReference "firebase-ios-sdk" */;
			productName = FirebaseDatabaseSwift;
		};
		03BD728B296AAD5900431AD2 /* FirebaseDynamicLinks */ = {
			isa = XCSwiftPackageProductDependency;
			package = 03BD7274296AAD5900431AD2 /* XCRemoteSwiftPackageReference "firebase-ios-sdk" */;
			productName = FirebaseDynamicLinks;
		};
		03BD728D296AAD5900431AD2 /* FirebaseFirestore */ = {
			isa = XCSwiftPackageProductDependency;
			package = 03BD7274296AAD5900431AD2 /* XCRemoteSwiftPackageReference "firebase-ios-sdk" */;
			productName = FirebaseFirestore;
		};
		03BD728F296AAD5900431AD2 /* FirebaseFirestoreCombine-Community */ = {
			isa = XCSwiftPackageProductDependency;
			package = 03BD7274296AAD5900431AD2 /* XCRemoteSwiftPackageReference "firebase-ios-sdk" */;
			productName = "FirebaseFirestoreCombine-Community";
		};
		03BD7291296AAD5900431AD2 /* FirebaseFirestoreSwift */ = {
			isa = XCSwiftPackageProductDependency;
			package = 03BD7274296AAD5900431AD2 /* XCRemoteSwiftPackageReference "firebase-ios-sdk" */;
			productName = FirebaseFirestoreSwift;
		};
		03BD7293296AAD5900431AD2 /* FirebaseFunctions */ = {
			isa = XCSwiftPackageProductDependency;
			package = 03BD7274296AAD5900431AD2 /* XCRemoteSwiftPackageReference "firebase-ios-sdk" */;
			productName = FirebaseFunctions;
		};
		03BD7295296AAD5900431AD2 /* FirebaseFunctionsCombine-Community */ = {
			isa = XCSwiftPackageProductDependency;
			package = 03BD7274296AAD5900431AD2 /* XCRemoteSwiftPackageReference "firebase-ios-sdk" */;
			productName = "FirebaseFunctionsCombine-Community";
		};
		03BD7297296AAD5900431AD2 /* FirebaseInAppMessaging-Beta */ = {
			isa = XCSwiftPackageProductDependency;
			package = 03BD7274296AAD5900431AD2 /* XCRemoteSwiftPackageReference "firebase-ios-sdk" */;
			productName = "FirebaseInAppMessaging-Beta";
		};
		03BD7299296AAD5900431AD2 /* FirebaseInAppMessagingSwift-Beta */ = {
			isa = XCSwiftPackageProductDependency;
			package = 03BD7274296AAD5900431AD2 /* XCRemoteSwiftPackageReference "firebase-ios-sdk" */;
			productName = "FirebaseInAppMessagingSwift-Beta";
		};
		03BD729B296AAD5900431AD2 /* FirebaseInstallations */ = {
			isa = XCSwiftPackageProductDependency;
			package = 03BD7274296AAD5900431AD2 /* XCRemoteSwiftPackageReference "firebase-ios-sdk" */;
			productName = FirebaseInstallations;
		};
		03BD729D296AAD5900431AD2 /* FirebaseMLModelDownloader */ = {
			isa = XCSwiftPackageProductDependency;
			package = 03BD7274296AAD5900431AD2 /* XCRemoteSwiftPackageReference "firebase-ios-sdk" */;
			productName = FirebaseMLModelDownloader;
		};
		03BD729F296AAD5900431AD2 /* FirebaseMessaging */ = {
			isa = XCSwiftPackageProductDependency;
			package = 03BD7274296AAD5900431AD2 /* XCRemoteSwiftPackageReference "firebase-ios-sdk" */;
			productName = FirebaseMessaging;
		};
		03BD72A1296AAD5900431AD2 /* FirebasePerformance */ = {
			isa = XCSwiftPackageProductDependency;
			package = 03BD7274296AAD5900431AD2 /* XCRemoteSwiftPackageReference "firebase-ios-sdk" */;
			productName = FirebasePerformance;
		};
		03BD72A3296AAD5900431AD2 /* FirebaseRemoteConfig */ = {
			isa = XCSwiftPackageProductDependency;
			package = 03BD7274296AAD5900431AD2 /* XCRemoteSwiftPackageReference "firebase-ios-sdk" */;
			productName = FirebaseRemoteConfig;
		};
		03BD72A5296AAD5900431AD2 /* FirebaseRemoteConfigSwift */ = {
			isa = XCSwiftPackageProductDependency;
			package = 03BD7274296AAD5900431AD2 /* XCRemoteSwiftPackageReference "firebase-ios-sdk" */;
			productName = FirebaseRemoteConfigSwift;
		};
		03BD72A7296AAD5900431AD2 /* FirebaseStorage */ = {
			isa = XCSwiftPackageProductDependency;
			package = 03BD7274296AAD5900431AD2 /* XCRemoteSwiftPackageReference "firebase-ios-sdk" */;
			productName = FirebaseStorage;
		};
		03BD72A9296AAD5900431AD2 /* FirebaseStorageCombine-Community */ = {
			isa = XCSwiftPackageProductDependency;
			package = 03BD7274296AAD5900431AD2 /* XCRemoteSwiftPackageReference "firebase-ios-sdk" */;
			productName = "FirebaseStorageCombine-Community";
		};
/* End XCSwiftPackageProductDependency section */
	};
	rootObject = 03BD7237296A9BBC00431AD2 /* Project object */;
}
